
Microsoft Visual Studio Solution File, Format Version 12.00
# Visual Studio 14
VisualStudioVersion = 14.0.25420.1
MinimumVisualStudioVersion = 10.0.40219.1
Project("{2150E333-8FDC-42A3-9474-1A3956D46DE8}") = "src", "src", "{9E947AE4-82B4-4042-84DE-92F197D2526F}"
EndProject
Project("{2150E333-8FDC-42A3-9474-1A3956D46DE8}") = "test", "test", "{B7BBCCC8-E3C5-4A1E-BA5F-7B5CE15EA68B}"
EndProject
Project("{FAE04EC0-301F-11D3-BF4B-00C04F79EFBC}") = "Test", "test\Test\Test.csproj", "{79A58E97-A5B7-4A23-9800-2C0716C2DD2C}"
EndProject
Global
	GlobalSection(SolutionConfigurationPlatforms) = preSolution
		Debug|Any CPU = Debug|Any CPU
		Release|Any CPU = Release|Any CPU
	EndGlobalSection
	GlobalSection(ProjectConfigurationPlatforms) = postSolution
		{79A58E97-A5B7-4A23-9800-2C0716C2DD2C}.Debug|Any CPU.ActiveCfg = Debug|Any CPU
		{79A58E97-A5B7-4A23-9800-2C0716C2DD2C}.Debug|Any CPU.Build.0 = Debug|Any CPU
		{79A58E97-A5B7-4A23-9800-2C0716C2DD2C}.Release|Any CPU.ActiveCfg = Release|Any CPU
		{79A58E97-A5B7-4A23-9800-2C0716C2DD2C}.Release|Any CPU.Build.0 = Release|Any CPU
	EndGlobalSection
	GlobalSection(SolutionProperties) = preSolution
		HideSolutionNode = FALSE
	EndGlobalSection
	GlobalSection(NestedProjects) = preSolution
		{79A58E97-A5B7-4A23-9800-2C0716C2DD2C} = {B7BBCCC8-E3C5-4A1E-BA5F-7B5CE15EA68B}
	EndGlobalSection
EndGlobal
